
Microsoft Visual Studio Solution File, Format Version 12.00
# Visual Studio Version 17
VisualStudioVersion = 17.5.33414.496
MinimumVisualStudioVersion = 10.0.40219.1
Project("{FAE04EC0-301F-11D3-BF4B-00C04F79EFBC}") = "Task2", "Task2\Task2.csproj", "{9661910B-7724-491A-B999-6A423F277214}"
EndProject
Project("{FAE04EC0-301F-11D3-BF4B-00C04F79EFBC}") = "Task4", "Task4\Task4.csproj", "{BABE4D13-E22F-4267-AA0F-6A13E18977BD}"
EndProject
Project("{FAE04EC0-301F-11D3-BF4B-00C04F79EFBC}") = "Task6", "Task6\Task6.csproj", "{7CB48C4F-0323-416C-870E-51BBAB947DA5}"
EndProject
Project("{FAE04EC0-301F-11D3-BF4B-00C04F79EFBC}") = "Task3", "Task3\Task3.csproj", "{D2748472-846E-494B-A12C-302B27B5908A}"
EndProject
Global
	GlobalSection(SolutionConfigurationPlatforms) = preSolution
		Debug|Any CPU = Debug|Any CPU
		Release|Any CPU = Release|Any CPU
	EndGlobalSection
	GlobalSection(ProjectConfigurationPlatforms) = postSolution
		{9661910B-7724-491A-B999-6A423F277214}.Debug|Any CPU.ActiveCfg = Debug|Any CPU
		{9661910B-7724-491A-B999-6A423F277214}.Debug|Any CPU.Build.0 = Debug|Any CPU
		{9661910B-7724-491A-B999-6A423F277214}.Release|Any CPU.ActiveCfg = Release|Any CPU
		{9661910B-7724-491A-B999-6A423F277214}.Release|Any CPU.Build.0 = Release|Any CPU
		{BABE4D13-E22F-4267-AA0F-6A13E18977BD}.Debug|Any CPU.ActiveCfg = Debug|Any CPU
		{BABE4D13-E22F-4267-AA0F-6A13E18977BD}.Debug|Any CPU.Build.0 = Debug|Any CPU
		{BABE4D13-E22F-4267-AA0F-6A13E18977BD}.Release|Any CPU.ActiveCfg = Release|Any CPU
		{BABE4D13-E22F-4267-AA0F-6A13E18977BD}.Release|Any CPU.Build.0 = Release|Any CPU
		{7CB48C4F-0323-416C-870E-51BBAB947DA5}.Debug|Any CPU.ActiveCfg = Debug|Any CPU
		{7CB48C4F-0323-416C-870E-51BBAB947DA5}.Debug|Any CPU.Build.0 = Debug|Any CPU
		{7CB48C4F-0323-416C-870E-51BBAB947DA5}.Release|Any CPU.ActiveCfg = Release|Any CPU
		{7CB48C4F-0323-416C-870E-51BBAB947DA5}.Release|Any CPU.Build.0 = Release|Any CPU
		{D2748472-846E-494B-A12C-302B27B5908A}.Debug|Any CPU.ActiveCfg = Debug|Any CPU
		{D2748472-846E-494B-A12C-302B27B5908A}.Debug|Any CPU.Build.0 = Debug|Any CPU
		{D2748472-846E-494B-A12C-302B27B5908A}.Release|Any CPU.ActiveCfg = Release|Any CPU
		{D2748472-846E-494B-A12C-302B27B5908A}.Release|Any CPU.Build.0 = Release|Any CPU
	EndGlobalSection
	GlobalSection(SolutionProperties) = preSolution
		HideSolutionNode = FALSE
	EndGlobalSection
	GlobalSection(ExtensibilityGlobals) = postSolution
		SolutionGuid = {04722C6F-53CE-48C1-8372-FA9CFF900342}
	EndGlobalSection
EndGlobal
