
Microsoft Visual Studio Solution File, Format Version 12.00
# Visual Studio Version 17
VisualStudioVersion = 17.5.33424.131
MinimumVisualStudioVersion = 10.0.40219.1
Project("{FAE04EC0-301F-11D3-BF4B-00C04F79EFBC}") = "Task2", "Task2\Task2.csproj", "{7E9DD020-CCBA-4586-933F-E621F93D07CD}"
EndProject
Project("{FAE04EC0-301F-11D3-BF4B-00C04F79EFBC}") = "Task3", "Task3\Task3.csproj", "{99CA5524-33F6-42A0-9A34-5AC24B80182A}"
EndProject
Project("{FAE04EC0-301F-11D3-BF4B-00C04F79EFBC}") = "Task4", "Task4\Task4.csproj", "{1F2B77FB-9B87-4A8B-8D08-14143B05945C}"
EndProject
Project("{FAE04EC0-301F-11D3-BF4B-00C04F79EFBC}") = "Task6", "Task6\Task6.csproj", "{D79AB433-0D6A-45CE-9CFA-9C091D917AB2}"
EndProject
Global
	GlobalSection(SolutionConfigurationPlatforms) = preSolution
		Debug|Any CPU = Debug|Any CPU
		Release|Any CPU = Release|Any CPU
	EndGlobalSection
	GlobalSection(ProjectConfigurationPlatforms) = postSolution
		{7E9DD020-CCBA-4586-933F-E621F93D07CD}.Debug|Any CPU.ActiveCfg = Debug|Any CPU
		{7E9DD020-CCBA-4586-933F-E621F93D07CD}.Debug|Any CPU.Build.0 = Debug|Any CPU
		{7E9DD020-CCBA-4586-933F-E621F93D07CD}.Release|Any CPU.ActiveCfg = Release|Any CPU
		{7E9DD020-CCBA-4586-933F-E621F93D07CD}.Release|Any CPU.Build.0 = Release|Any CPU
		{99CA5524-33F6-42A0-9A34-5AC24B80182A}.Debug|Any CPU.ActiveCfg = Debug|Any CPU
		{99CA5524-33F6-42A0-9A34-5AC24B80182A}.Debug|Any CPU.Build.0 = Debug|Any CPU
		{99CA5524-33F6-42A0-9A34-5AC24B80182A}.Release|Any CPU.ActiveCfg = Release|Any CPU
		{99CA5524-33F6-42A0-9A34-5AC24B80182A}.Release|Any CPU.Build.0 = Release|Any CPU
		{1F2B77FB-9B87-4A8B-8D08-14143B05945C}.Debug|Any CPU.ActiveCfg = Debug|Any CPU
		{1F2B77FB-9B87-4A8B-8D08-14143B05945C}.Debug|Any CPU.Build.0 = Debug|Any CPU
		{1F2B77FB-9B87-4A8B-8D08-14143B05945C}.Release|Any CPU.ActiveCfg = Release|Any CPU
		{1F2B77FB-9B87-4A8B-8D08-14143B05945C}.Release|Any CPU.Build.0 = Release|Any CPU
		{D79AB433-0D6A-45CE-9CFA-9C091D917AB2}.Debug|Any CPU.ActiveCfg = Debug|Any CPU
		{D79AB433-0D6A-45CE-9CFA-9C091D917AB2}.Debug|Any CPU.Build.0 = Debug|Any CPU
		{D79AB433-0D6A-45CE-9CFA-9C091D917AB2}.Release|Any CPU.ActiveCfg = Release|Any CPU
		{D79AB433-0D6A-45CE-9CFA-9C091D917AB2}.Release|Any CPU.Build.0 = Release|Any CPU
	EndGlobalSection
	GlobalSection(SolutionProperties) = preSolution
		HideSolutionNode = FALSE
	EndGlobalSection
	GlobalSection(ExtensibilityGlobals) = postSolution
		SolutionGuid = {27221D06-FF31-4202-80FC-2243E22B68FA}
	EndGlobalSection
EndGlobal
